
Microsoft Visual Studio Solution File, Format Version 12.00
# Visual Studio Version 17
VisualStudioVersion = 17.5.002.0
MinimumVisualStudioVersion = 10.0.40219.1
Project("{9A19103F-16F7-4668-BE54-9A1E7A4F7556}") = "FixFastParser", "FixFastParser.csproj", "{7F59E02F-A073-4C96-90CC-D717588F3E73}"
EndProject
Global
	GlobalSection(SolutionConfigurationPlatforms) = preSolution
		Debug|Any CPU = Debug|Any CPU
		Release|Any CPU = Release|Any CPU
	EndGlobalSection
	GlobalSection(ProjectConfigurationPlatforms) = postSolution
		{7F59E02F-A073-4C96-90CC-D717588F3E73}.Debug|Any CPU.ActiveCfg = Debug|Any CPU
		{7F59E02F-A073-4C96-90CC-D717588F3E73}.Debug|Any CPU.Build.0 = Debug|Any CPU
		{7F59E02F-A073-4C96-90CC-D717588F3E73}.Release|Any CPU.ActiveCfg = Release|Any CPU
		{7F59E02F-A073-4C96-90CC-D717588F3E73}.Release|Any CPU.Build.0 = Release|Any CPU
	EndGlobalSection
	GlobalSection(SolutionProperties) = preSolution
		HideSolutionNode = FALSE
	EndGlobalSection
	GlobalSection(ExtensibilityGlobals) = postSolution
		SolutionGuid = {8ABC4049-82BC-4E29-B305-5B59AB3F2028}
	EndGlobalSection
EndGlobal
